
Microsoft Visual Studio Solution File, Format Version 12.00
# Visual Studio Version 17
VisualStudioVersion = 17.5.33530.505
MinimumVisualStudioVersion = 10.0.40219.1
Project("{9A19103F-16F7-4668-BE54-9A1E7A4F7556}") = "MAF_Event_Center.WebAPI", "MAF_Event_Center.WebAPI\MAF_Event_Center.WebAPI.csproj", "{874FDE72-D0CF-4883-ABD7-B1BD6EC29680}"
EndProject
Project("{FAE04EC0-301F-11D3-BF4B-00C04F79EFBC}") = "MAF_Event_Center.Domain", "MAF_Event_Center.Domain\MAF_Event_Center.Domain.csproj", "{101282FF-261D-422A-B362-0AE49011E517}"
EndProject
Project("{FAE04EC0-301F-11D3-BF4B-00C04F79EFBC}") = "MAF_Event_Center.Application", "MAF_Event_Center.Application\MAF_Event_Center.Application.csproj", "{AB0B3EEB-B191-4A7F-9E65-FBB70DB1BBDD}"
EndProject
Global
	GlobalSection(SolutionConfigurationPlatforms) = preSolution
		Debug|Any CPU = Debug|Any CPU
		Release|Any CPU = Release|Any CPU
	EndGlobalSection
	GlobalSection(ProjectConfigurationPlatforms) = postSolution
		{874FDE72-D0CF-4883-ABD7-B1BD6EC29680}.Debug|Any CPU.ActiveCfg = Debug|Any CPU
		{874FDE72-D0CF-4883-ABD7-B1BD6EC29680}.Debug|Any CPU.Build.0 = Debug|Any CPU
		{874FDE72-D0CF-4883-ABD7-B1BD6EC29680}.Release|Any CPU.ActiveCfg = Release|Any CPU
		{874FDE72-D0CF-4883-ABD7-B1BD6EC29680}.Release|Any CPU.Build.0 = Release|Any CPU
		{101282FF-261D-422A-B362-0AE49011E517}.Debug|Any CPU.ActiveCfg = Debug|Any CPU
		{101282FF-261D-422A-B362-0AE49011E517}.Debug|Any CPU.Build.0 = Debug|Any CPU
		{101282FF-261D-422A-B362-0AE49011E517}.Release|Any CPU.ActiveCfg = Release|Any CPU
		{101282FF-261D-422A-B362-0AE49011E517}.Release|Any CPU.Build.0 = Release|Any CPU
		{AB0B3EEB-B191-4A7F-9E65-FBB70DB1BBDD}.Debug|Any CPU.ActiveCfg = Debug|Any CPU
		{AB0B3EEB-B191-4A7F-9E65-FBB70DB1BBDD}.Debug|Any CPU.Build.0 = Debug|Any CPU
		{AB0B3EEB-B191-4A7F-9E65-FBB70DB1BBDD}.Release|Any CPU.ActiveCfg = Release|Any CPU
		{AB0B3EEB-B191-4A7F-9E65-FBB70DB1BBDD}.Release|Any CPU.Build.0 = Release|Any CPU
	EndGlobalSection
	GlobalSection(SolutionProperties) = preSolution
		HideSolutionNode = FALSE
	EndGlobalSection
	GlobalSection(ExtensibilityGlobals) = postSolution
		SolutionGuid = {56A2BB80-FA71-4221-9470-A831AB7911BC}
	EndGlobalSection
EndGlobal
